
Microsoft Visual Studio Solution File, Format Version 12.00
# Visual Studio Version 16
VisualStudioVersion = 16.0.30611.23
MinimumVisualStudioVersion = 10.0.40219.1
Project("{FAE04EC0-301F-11D3-BF4B-00C04F79EFBC}") = "startlista", "startlista\startlista.csproj", "{0BB8C5A2-80D6-4F48-AFB0-E987B1E1E339}"
EndProject
Global
	GlobalSection(SolutionConfigurationPlatforms) = preSolution
		Debug|Any CPU = Debug|Any CPU
		Release|Any CPU = Release|Any CPU
	EndGlobalSection
	GlobalSection(ProjectConfigurationPlatforms) = postSolution
		{0BB8C5A2-80D6-4F48-AFB0-E987B1E1E339}.Debug|Any CPU.ActiveCfg = Debug|Any CPU
		{0BB8C5A2-80D6-4F48-AFB0-E987B1E1E339}.Debug|Any CPU.Build.0 = Debug|Any CPU
		{0BB8C5A2-80D6-4F48-AFB0-E987B1E1E339}.Release|Any CPU.ActiveCfg = Release|Any CPU
		{0BB8C5A2-80D6-4F48-AFB0-E987B1E1E339}.Release|Any CPU.Build.0 = Release|Any CPU
	EndGlobalSection
	GlobalSection(SolutionProperties) = preSolution
		HideSolutionNode = FALSE
	EndGlobalSection
	GlobalSection(ExtensibilityGlobals) = postSolution
		SolutionGuid = {BF0DC444-DD87-49A4-9C18-0C1750E87348}
	EndGlobalSection
EndGlobal
